
Microsoft Visual Studio Solution File, Format Version 12.00
# Visual Studio Version 17
VisualStudioVersion = 17.7.34202.233
MinimumVisualStudioVersion = 10.0.40219.1
Project("{9A19103F-16F7-4668-BE54-9A1E7A4F7556}") = "Reservation_Proje01", "Reservation_Proje01.csproj", "{4508F3F3-3392-4103-8742-9E88271706EC}"
EndProject
Project("{9A19103F-16F7-4668-BE54-9A1E7A4F7556}") = "EntityLayer", "..\EntityLayer\EntityLayer.csproj", "{EFCF7D7A-8081-4C90-9806-21D64ACC97FC}"
EndProject
Project("{9A19103F-16F7-4668-BE54-9A1E7A4F7556}") = "DataAccessLayer", "..\DataAccessLayer\DataAccessLayer.csproj", "{C38F5D17-B5C6-426E-947E-4FE031F06713}"
EndProject
Project("{9A19103F-16F7-4668-BE54-9A1E7A4F7556}") = "BusinessLayer", "..\BusinessLayer\BusinessLayer.csproj", "{C07B6ED0-9F9A-4A98-96CD-75A78271FCB5}"
EndProject
Project("{9A19103F-16F7-4668-BE54-9A1E7A4F7556}") = "DTOLayer", "..\DTOLayer\DTOLayer.csproj", "{F2B379D4-06DB-4826-8DBC-50D742C31CA5}"
EndProject
Project("{FAE04EC0-301F-11D3-BF4B-00C04F79EFBC}") = "SignalRApi", "..\SignalRApi\SignalRApi.csproj", "{17F6357B-ABEF-46F0-8F3B-79C0FA6C64FC}"
EndProject
Global
	GlobalSection(SolutionConfigurationPlatforms) = preSolution
		Debug|Any CPU = Debug|Any CPU
		Release|Any CPU = Release|Any CPU
	EndGlobalSection
	GlobalSection(ProjectConfigurationPlatforms) = postSolution
		{4508F3F3-3392-4103-8742-9E88271706EC}.Debug|Any CPU.ActiveCfg = Debug|Any CPU
		{4508F3F3-3392-4103-8742-9E88271706EC}.Debug|Any CPU.Build.0 = Debug|Any CPU
		{4508F3F3-3392-4103-8742-9E88271706EC}.Release|Any CPU.ActiveCfg = Release|Any CPU
		{4508F3F3-3392-4103-8742-9E88271706EC}.Release|Any CPU.Build.0 = Release|Any CPU
		{EFCF7D7A-8081-4C90-9806-21D64ACC97FC}.Debug|Any CPU.ActiveCfg = Debug|Any CPU
		{EFCF7D7A-8081-4C90-9806-21D64ACC97FC}.Debug|Any CPU.Build.0 = Debug|Any CPU
		{EFCF7D7A-8081-4C90-9806-21D64ACC97FC}.Release|Any CPU.ActiveCfg = Release|Any CPU
		{EFCF7D7A-8081-4C90-9806-21D64ACC97FC}.Release|Any CPU.Build.0 = Release|Any CPU
		{C38F5D17-B5C6-426E-947E-4FE031F06713}.Debug|Any CPU.ActiveCfg = Debug|Any CPU
		{C38F5D17-B5C6-426E-947E-4FE031F06713}.Debug|Any CPU.Build.0 = Debug|Any CPU
		{C38F5D17-B5C6-426E-947E-4FE031F06713}.Release|Any CPU.ActiveCfg = Release|Any CPU
		{C38F5D17-B5C6-426E-947E-4FE031F06713}.Release|Any CPU.Build.0 = Release|Any CPU
		{C07B6ED0-9F9A-4A98-96CD-75A78271FCB5}.Debug|Any CPU.ActiveCfg = Debug|Any CPU
		{C07B6ED0-9F9A-4A98-96CD-75A78271FCB5}.Debug|Any CPU.Build.0 = Debug|Any CPU
		{C07B6ED0-9F9A-4A98-96CD-75A78271FCB5}.Release|Any CPU.ActiveCfg = Release|Any CPU
		{C07B6ED0-9F9A-4A98-96CD-75A78271FCB5}.Release|Any CPU.Build.0 = Release|Any CPU
		{F2B379D4-06DB-4826-8DBC-50D742C31CA5}.Debug|Any CPU.ActiveCfg = Debug|Any CPU
		{F2B379D4-06DB-4826-8DBC-50D742C31CA5}.Debug|Any CPU.Build.0 = Debug|Any CPU
		{F2B379D4-06DB-4826-8DBC-50D742C31CA5}.Release|Any CPU.ActiveCfg = Release|Any CPU
		{F2B379D4-06DB-4826-8DBC-50D742C31CA5}.Release|Any CPU.Build.0 = Release|Any CPU
		{17F6357B-ABEF-46F0-8F3B-79C0FA6C64FC}.Debug|Any CPU.ActiveCfg = Debug|Any CPU
		{17F6357B-ABEF-46F0-8F3B-79C0FA6C64FC}.Debug|Any CPU.Build.0 = Debug|Any CPU
		{17F6357B-ABEF-46F0-8F3B-79C0FA6C64FC}.Release|Any CPU.ActiveCfg = Release|Any CPU
		{17F6357B-ABEF-46F0-8F3B-79C0FA6C64FC}.Release|Any CPU.Build.0 = Release|Any CPU
	EndGlobalSection
	GlobalSection(SolutionProperties) = preSolution
		HideSolutionNode = FALSE
	EndGlobalSection
	GlobalSection(ExtensibilityGlobals) = postSolution
		SolutionGuid = {27FCB4C6-BA0F-47B1-8145-999E820FAB03}
	EndGlobalSection
EndGlobal
